
Microsoft Visual Studio Solution File, Format Version 12.00
# Visual Studio Version 16
VisualStudioVersion = 16.0.30804.86
MinimumVisualStudioVersion = 10.0.40219.1
Project("{FAE04EC0-301F-11D3-BF4B-00C04F79EFBC}") = "WindowsFormsApp1", "WindowsFormsApp1\WindowsFormsApp1.csproj", "{79B4298E-F757-4D10-BFAC-31EFA5919058}"
EndProject
Project("{54435603-DBB4-11D2-8724-00A0C9A8B90C}") = "SetupINV", "..\..\SetupINV\SetupINV.vdproj", "{969541E1-6E2F-425F-B4AF-DF3B32917250}"
EndProject
Global
	GlobalSection(SolutionConfigurationPlatforms) = preSolution
		Debug|Any CPU = Debug|Any CPU
		Release|Any CPU = Release|Any CPU
	EndGlobalSection
	GlobalSection(ProjectConfigurationPlatforms) = postSolution
		{79B4298E-F757-4D10-BFAC-31EFA5919058}.Debug|Any CPU.ActiveCfg = Debug|Any CPU
		{79B4298E-F757-4D10-BFAC-31EFA5919058}.Debug|Any CPU.Build.0 = Debug|Any CPU
		{79B4298E-F757-4D10-BFAC-31EFA5919058}.Release|Any CPU.ActiveCfg = Release|Any CPU
		{79B4298E-F757-4D10-BFAC-31EFA5919058}.Release|Any CPU.Build.0 = Release|Any CPU
		{969541E1-6E2F-425F-B4AF-DF3B32917250}.Debug|Any CPU.ActiveCfg = Debug
		{969541E1-6E2F-425F-B4AF-DF3B32917250}.Release|Any CPU.ActiveCfg = Release
	EndGlobalSection
	GlobalSection(SolutionProperties) = preSolution
		HideSolutionNode = FALSE
	EndGlobalSection
	GlobalSection(ExtensibilityGlobals) = postSolution
		SolutionGuid = {119E3FAA-E26D-47C0-9569-3875858A3E53}
	EndGlobalSection
EndGlobal
